
Microsoft Visual Studio Solution File, Format Version 12.00
# Visual Studio 2012
Project("{FAE04EC0-301F-11D3-BF4B-00C04F79EFBC}") = "Emgu_Tesseract_ap", "Emgu_Tesseract_ap\Emgu_Tesseract_ap.csproj", "{E9C50E44-EA31-4A2B-9F7B-1F5FB7211E72}"
EndProject
Project("{FAE04EC0-301F-11D3-BF4B-00C04F79EFBC}") = "Emgu_Tesseract", "Emgu_Tesseract\Emgu_Tesseract.csproj", "{39C35A31-37CA-4863-9B54-0A7D38FC29F8}"
EndProject
Global
	GlobalSection(SolutionConfigurationPlatforms) = preSolution
		Debug|Any CPU = Debug|Any CPU
		Release|Any CPU = Release|Any CPU
	EndGlobalSection
	GlobalSection(ProjectConfigurationPlatforms) = postSolution
		{E9C50E44-EA31-4A2B-9F7B-1F5FB7211E72}.Debug|Any CPU.ActiveCfg = Debug|Any CPU
		{E9C50E44-EA31-4A2B-9F7B-1F5FB7211E72}.Debug|Any CPU.Build.0 = Debug|Any CPU
		{E9C50E44-EA31-4A2B-9F7B-1F5FB7211E72}.Release|Any CPU.ActiveCfg = Release|Any CPU
		{E9C50E44-EA31-4A2B-9F7B-1F5FB7211E72}.Release|Any CPU.Build.0 = Release|Any CPU
		{39C35A31-37CA-4863-9B54-0A7D38FC29F8}.Debug|Any CPU.ActiveCfg = Debug|Any CPU
		{39C35A31-37CA-4863-9B54-0A7D38FC29F8}.Debug|Any CPU.Build.0 = Debug|Any CPU
		{39C35A31-37CA-4863-9B54-0A7D38FC29F8}.Release|Any CPU.ActiveCfg = Release|Any CPU
		{39C35A31-37CA-4863-9B54-0A7D38FC29F8}.Release|Any CPU.Build.0 = Release|Any CPU
	EndGlobalSection
	GlobalSection(SolutionProperties) = preSolution
		HideSolutionNode = FALSE
	EndGlobalSection
EndGlobal
